Microsoft Visual Studio Solution File, Format Version 12.00
# Visual Studio Version 17
VisualStudioVersion = 17.5.2.0
MinimumVisualStudioVersion = 10.0.40219.1
Project("{FAE04EC0-301F-11D3-BF4B-00C04F79EFBC}") = "WorkshopZagreb", "WorkshopZagreb.csproj", "{23BE2823-7383-D8C9-3EC2-7296E4DD9288}"
EndProject
Global
	GlobalSection(SolutionConfigurationPlatforms) = preSolution
		Debug|Any CPU = Debug|Any CPU
		Release|Any CPU = Release|Any CPU
	EndGlobalSection
	GlobalSection(ProjectConfigurationPlatforms) = postSolution
		{23BE2823-7383-D8C9-3EC2-7296E4DD9288}.Debug|Any CPU.ActiveCfg = Debug|Any CPU
		{23BE2823-7383-D8C9-3EC2-7296E4DD9288}.Debug|Any CPU.Build.0 = Debug|Any CPU
		{23BE2823-7383-D8C9-3EC2-7296E4DD9288}.Release|Any CPU.ActiveCfg = Release|Any CPU
		{23BE2823-7383-D8C9-3EC2-7296E4DD9288}.Release|Any CPU.Build.0 = Release|Any CPU
	EndGlobalSection
	GlobalSection(SolutionProperties) = preSolution
		HideSolutionNode = FALSE
	EndGlobalSection
	GlobalSection(ExtensibilityGlobals) = postSolution
		SolutionGuid = {81B2809D-0DD4-4253-BBB1-CEB0B3E6B333}
	EndGlobalSection
EndGlobal
